// !$*UTF8*$!
{
	archiveVersion = 1;
	classes = {
	};
	objectVersion = 46;
	objects = {

/* Begin PBXBuildFile section */
		8E7774021ACB194100B87AE9 /* main.m in Sources */ = {isa = PBXBuildFile; fileRef = 8E7774011ACB194100B87AE9 /* main.m */; };
		8E7774051ACB194100B87AE9 /* AppDelegate.m in Sources */ = {isa = PBXBuildFile; fileRef = 8E7774041ACB194100B87AE9 /* AppDelegate.m */; };
		8E7774071ACB194100B87AE9 /* Images.xcassets in Resources */ = {isa = PBXBuildFile; fileRef = 8E7774061ACB194100B87AE9 /* Images.xcassets */; };
		8E77740A1ACB194100B87AE9 /* LaunchScreen.xib in Resources */ = {isa = PBXBuildFile; fileRef = 8E7774081ACB194100B87AE9 /* LaunchScreen.xib */; };
		8E7774161ACB194100B87AE9 /* HackerBooksTests.m in Sources */ = {isa = PBXBuildFile; fileRef = 8E7774151ACB194100B87AE9 /* HackerBooksTests.m */; };
		8E84C9FB1ACF17FE006908A2 /* TSOBookTableViewCell.m in Sources */ = {isa = PBXBuildFile; fileRef = 8E84C9F91ACF17FE006908A2 /* TSOBookTableViewCell.m */; };
		8E84C9FC1ACF17FE006908A2 /* TSOBookTableViewCell.xib in Resources */ = {isa = PBXBuildFile; fileRef = 8E84C9FA1ACF17FE006908A2 /* TSOBookTableViewCell.xib */; };
		8E8E5F141AE599AC0032862D /* AGTCoreDataTableViewController.m in Sources */ = {isa = PBXBuildFile; fileRef = 8E8E5F131AE599AC0032862D /* AGTCoreDataTableViewController.m */; };
		8E8E5F171AE5A2E40032862D /* TSODownloadController.m in Sources */ = {isa = PBXBuildFile; fileRef = 8E8E5F161AE5A2E40032862D /* TSODownloadController.m */; };
		8E8E5F1B1AE65B5C0032862D /* LoadingViewController.m in Sources */ = {isa = PBXBuildFile; fileRef = 8E8E5F191AE65B5C0032862D /* LoadingViewController.m */; };
		8E8E5F1C1AE65B5C0032862D /* LoadingViewController.xib in Resources */ = {isa = PBXBuildFile; fileRef = 8E8E5F1A1AE65B5C0032862D /* LoadingViewController.xib */; };
		8E8E5F1F1AE6B2D10032862D /* default-book-large.gif in Resources */ = {isa = PBXBuildFile; fileRef = 8E8E5F1E1AE6B2D10032862D /* default-book-large.gif */; };
		8E8E5F231AE6B3D10032862D /* TSOBookViewController.m in Sources */ = {isa = PBXBuildFile; fileRef = 8E8E5F211AE6B3D10032862D /* TSOBookViewController.m */; };
		8E8E5F241AE6B3D10032862D /* TSOBookViewController.xib in Resources */ = {isa = PBXBuildFile; fileRef = 8E8E5F221AE6B3D10032862D /* TSOBookViewController.xib */; };
		8E8E5F281AE6B4520032862D /* TSOSimplePDFViewController.m in Sources */ = {isa = PBXBuildFile; fileRef = 8E8E5F261AE6B4520032862D /* TSOSimplePDFViewController.m */; };
		8E8E5F291AE6B4520032862D /* TSOSimplePDFViewController.xib in Resources */ = {isa = PBXBuildFile; fileRef = 8E8E5F271AE6B4520032862D /* TSOSimplePDFViewController.xib */; };
		8E8E5F2B1AE6B7870032862D /* Book_Cover_8.jpg in Resources */ = {isa = PBXBuildFile; fileRef = 8E8E5F2A1AE6B7870032862D /* Book_Cover_8.jpg */; };
		8E8E5F2E1AE6CD430032862D /* TSOAnnotationsTableViewController.m in Sources */ = {isa = PBXBuildFile; fileRef = 8E8E5F2D1AE6CD430032862D /* TSOAnnotationsTableViewController.m */; };
		8E8E5F371AE6EED90032862D /* TSOAnnotationViewController.m in Sources */ = {isa = PBXBuildFile; fileRef = 8E8E5F351AE6EED90032862D /* TSOAnnotationViewController.m */; };
		8E8E5F381AE6EED90032862D /* TSOAnnotationViewController.xib in Resources */ = {isa = PBXBuildFile; fileRef = 8E8E5F361AE6EED90032862D /* TSOAnnotationViewController.xib */; };
		8E8E5F3A1AE6F3480032862D /* No-image-available.jpg in Resources */ = {isa = PBXBuildFile; fileRef = 8E8E5F391AE6F3480032862D /* No-image-available.jpg */; };
		8E8E5F3C1AE6F6D20032862D /* nophoto.jpg in Resources */ = {isa = PBXBuildFile; fileRef = 8E8E5F3B1AE6F6D10032862D /* nophoto.jpg */; };
		8E9170FA1AD066F300641505 /* pdf17.png in Resources */ = {isa = PBXBuildFile; fileRef = 8E9170F91AD066F300641505 /* pdf17.png */; };
		8E9171051AD16C4A00641505 /* favorito.png in Resources */ = {isa = PBXBuildFile; fileRef = 8E9171041AD16C4A00641505 /* favorito.png */; };
		8E9171071AD16C7F00641505 /* noFavorito.png in Resources */ = {isa = PBXBuildFile; fileRef = 8E9171061AD16C7F00641505 /* noFavorito.png */; };
		8E9171091AD16F6E00641505 /* launch.jpg in Resources */ = {isa = PBXBuildFile; fileRef = 8E9171081AD16F6E00641505 /* launch.jpg */; };
		8E9171131AD173D200641505 /* icon.png in Resources */ = {isa = PBXBuildFile; fileRef = 8E9171121AD173D200641505 /* icon.png */; };
		8EB80D661AED63AB005DF145 /* MapKit.framework in Frameworks */ = {isa = PBXBuildFile; fileRef = 8EB80D651AED63AB005DF145 /* MapKit.framework */; };
		8EB80D691AED93E0005DF145 /* TSOHackerBooksBaseClass.m in Sources */ = {isa = PBXBuildFile; fileRef = 8EB80D681AED93E0005DF145 /* TSOHackerBooksBaseClass.m */; };
		8EF7CCD61ADAFF5E007A4924 /* Model.xcdatamodeld in Sources */ = {isa = PBXBuildFile; fileRef = 8EF7CCD41ADAFF5E007A4924 /* Model.xcdatamodeld */; };
		8EF7CCEF1ADB3A90007A4924 /* _TSOAnnotation.m in Sources */ = {isa = PBXBuildFile; fileRef = 8EF7CCD81ADB3A90007A4924 /* _TSOAnnotation.m */; };
		8EF7CCF01ADB3A90007A4924 /* _TSOBook.m in Sources */ = {isa = PBXBuildFile; fileRef = 8EF7CCDA1ADB3A90007A4924 /* _TSOBook.m */; };
		8EF7CCF11ADB3A90007A4924 /* _TSOLocalization.m in Sources */ = {isa = PBXBuildFile; fileRef = 8EF7CCDC1ADB3A90007A4924 /* _TSOLocalization.m */; };
		8EF7CCF21ADB3A90007A4924 /* _TSOPdf.m in Sources */ = {isa = PBXBuildFile; fileRef = 8EF7CCDE1ADB3A90007A4924 /* _TSOPdf.m */; };
		8EF7CCF31ADB3A90007A4924 /* _TSOPhoto.m in Sources */ = {isa = PBXBuildFile; fileRef = 8EF7CCE01ADB3A90007A4924 /* _TSOPhoto.m */; };
		8EF7CCF41ADB3A90007A4924 /* _TSOTag.m in Sources */ = {isa = PBXBuildFile; fileRef = 8EF7CCE21ADB3A90007A4924 /* _TSOTag.m */; };
		8EF7CCF51ADB3A90007A4924 /* TSOAnnotation.m in Sources */ = {isa = PBXBuildFile; fileRef = 8EF7CCE41ADB3A90007A4924 /* TSOAnnotation.m */; };
		8EF7CCF61ADB3A90007A4924 /* TSOBook.m in Sources */ = {isa = PBXBuildFile; fileRef = 8EF7CCE61ADB3A90007A4924 /* TSOBook.m */; };
		8EF7CCF71ADB3A90007A4924 /* TSOLocalization.m in Sources */ = {isa = PBXBuildFile; fileRef = 8EF7CCE81ADB3A90007A4924 /* TSOLocalization.m */; };
		8EF7CCF81ADB3A90007A4924 /* TSOPdf.m in Sources */ = {isa = PBXBuildFile; fileRef = 8EF7CCEA1ADB3A90007A4924 /* TSOPdf.m */; };
		8EF7CCF91ADB3A90007A4924 /* TSOPhoto.m in Sources */ = {isa = PBXBuildFile; fileRef = 8EF7CCEC1ADB3A90007A4924 /* TSOPhoto.m */; };
		8EF7CCFA1ADB3A90007A4924 /* TSOTag.m in Sources */ = {isa = PBXBuildFile; fileRef = 8EF7CCEE1ADB3A90007A4924 /* TSOTag.m */; };
		8EF7CD011ADB3B65007A4924 /* AGTCoreDataStack.m in Sources */ = {isa = PBXBuildFile; fileRef = 8EF7CD001ADB3B65007A4924 /* AGTCoreDataStack.m */; };
		8EF7CD041ADB4329007A4924 /* TSOBooksTableViewController.m in Sources */ = {isa = PBXBuildFile; fileRef = 8EF7CD031ADB4329007A4924 /* TSOBooksTableViewController.m */; };
/* End PBXBuildFile section */

/* Begin PBXContainerItemProxy section */
		8E7774101ACB194100B87AE9 /* PBXContainerItemProxy */ = {
			isa = PBXContainerItemProxy;
			containerPortal = 8E7773F41ACB194100B87AE9 /* Project object */;
			proxyType = 1;
			remoteGlobalIDString = 8E7773FB1ACB194100B87AE9;
			remoteInfo = HackerBooks;
		};
/* End PBXContainerItemProxy section */

/* Begin PBXFileReference section */
		8E7773FC1ACB194100B87AE9 /* HackerBooks.app */ = {isa = PBXFileReference; explicitFileType = wrapper.application; includeInIndex = 0; path = HackerBooks.app; sourceTree = BUILT_PRODUCTS_DIR; };
		8E7774001ACB194100B87AE9 /* Info.plist */ = {isa = PBXFileReference; lastKnownFileType = text.plist.xml; path = Info.plist; sourceTree = "<group>"; };
		8E7774011ACB194100B87AE9 /* main.m */ = {isa = PBXFileReference; lastKnownFileType = sourcecode.c.objc; path = main.m; sourceTree = "<group>"; };
		8E7774031ACB194100B87AE9 /* AppDelegate.h */ = {isa = PBXFileReference; lastKnownFileType = sourcecode.c.h; path = AppDelegate.h; sourceTree = "<group>"; };
		8E7774041ACB194100B87AE9 /* AppDelegate.m */ = {isa = PBXFileReference; lastKnownFileType = sourcecode.c.objc; path = AppDelegate.m; sourceTree = "<group>"; };
		8E7774061ACB194100B87AE9 /* Images.xcassets */ = {isa = PBXFileReference; lastKnownFileType = folder.assetcatalog; path = Images.xcassets; sourceTree = "<group>"; };
		8E7774091ACB194100B87AE9 /* Base */ = {isa = PBXFileReference; lastKnownFileType = file.xib; name = Base; path = Base.lproj/LaunchScreen.xib; sourceTree = "<group>"; };
		8E77740F1ACB194100B87AE9 /* HackerBooksTests.xctest */ = {isa = PBXFileReference; explicitFileType = wrapper.cfbundle; includeInIndex = 0; path = HackerBooksTests.xctest; sourceTree = BUILT_PRODUCTS_DIR; };
		8E7774141ACB194100B87AE9 /* Info.plist */ = {isa = PBXFileReference; lastKnownFileType = text.plist.xml; path = Info.plist; sourceTree = "<group>"; };
		8E7774151ACB194100B87AE9 /* HackerBooksTests.m */ = {isa = PBXFileReference; lastKnownFileType = sourcecode.c.objc; path = HackerBooksTests.m; sourceTree = "<group>"; };
		8E7774291ACC2D0900B87AE9 /* Settings.h */ = {isa = PBXFileReference; lastKnownFileType = sourcecode.c.h; path = Settings.h; sourceTree = "<group>"; };
		8E84C9F81ACF17FE006908A2 /* TSOBookTableViewCell.h */ = {isa = PBXFileReference; fileEncoding = 4; lastKnownFileType = sourcecode.c.h; path = TSOBookTableViewCell.h; sourceTree = "<group>"; };
		8E84C9F91ACF17FE006908A2 /* TSOBookTableViewCell.m */ = {isa = PBXFileReference; fileEncoding = 4; lastKnownFileType = sourcecode.c.objc; path = TSOBookTableViewCell.m; sourceTree = "<group>"; };
		8E84C9FA1ACF17FE006908A2 /* TSOBookTableViewCell.xib */ = {isa = PBXFileReference; fileEncoding = 4; lastKnownFileType = file.xib; path = TSOBookTableViewCell.xib; sourceTree = "<group>"; };
		8E8E5F121AE599AC0032862D /* AGTCoreDataTableViewController.h */ = {isa = PBXFileReference; fileEncoding = 4; lastKnownFileType = sourcecode.c.h; path = AGTCoreDataTableViewController.h; sourceTree = "<group>"; };
		8E8E5F131AE599AC0032862D /* AGTCoreDataTableViewController.m */ = {isa = PBXFileReference; fileEncoding = 4; lastKnownFileType = sourcecode.c.objc; path = AGTCoreDataTableViewController.m; sourceTree = "<group>"; };
		8E8E5F151AE5A2E40032862D /* TSODownloadController.h */ = {isa = PBXFileReference; fileEncoding = 4; lastKnownFileType = sourcecode.c.h; path = TSODownloadController.h; sourceTree = "<group>"; };
		8E8E5F161AE5A2E40032862D /* TSODownloadController.m */ = {isa = PBXFileReference; fileEncoding = 4; lastKnownFileType = sourcecode.c.objc; path = TSODownloadController.m; sourceTree = "<group>"; };
		8E8E5F181AE65B5C0032862D /* LoadingViewController.h */ = {isa = PBXFileReference; fileEncoding = 4; lastKnownFileType = sourcecode.c.h; path = LoadingViewController.h; sourceTree = "<group>"; };
		8E8E5F191AE65B5C0032862D /* LoadingViewController.m */ = {isa = PBXFileReference; fileEncoding = 4; lastKnownFileType = sourcecode.c.objc; path = LoadingViewController.m; sourceTree = "<group>"; };
		8E8E5F1A1AE65B5C0032862D /* LoadingViewController.xib */ = {isa = PBXFileReference; fileEncoding = 4; lastKnownFileType = file.xib; path = LoadingViewController.xib; sourceTree = "<group>"; };
		8E8E5F1E1AE6B2D10032862D /* default-book-large.gif */ = {isa = PBXFileReference; lastKnownFileType = image.gif; path = "default-book-large.gif"; sourceTree = "<group>"; };
		8E8E5F201AE6B3D10032862D /* TSOBookViewController.h */ = {isa = PBXFileReference; fileEncoding = 4; lastKnownFileType = sourcecode.c.h; path = TSOBookViewController.h; sourceTree = "<group>"; };
		8E8E5F211AE6B3D10032862D /* TSOBookViewController.m */ = {isa = PBXFileReference; fileEncoding = 4; lastKnownFileType = sourcecode.c.objc; path = TSOBookViewController.m; sourceTree = "<group>"; };
		8E8E5F221AE6B3D10032862D /* TSOBookViewController.xib */ = {isa = PBXFileReference; fileEncoding = 4; lastKnownFileType = file.xib; path = TSOBookViewController.xib; sourceTree = "<group>"; };
		8E8E5F251AE6B4520032862D /* TSOSimplePDFViewController.h */ = {isa = PBXFileReference; fileEncoding = 4; lastKnownFileType = sourcecode.c.h; path = TSOSimplePDFViewController.h; sourceTree = "<group>"; };
		8E8E5F261AE6B4520032862D /* TSOSimplePDFViewController.m */ = {isa = PBXFileReference; fileEncoding = 4; lastKnownFileType = sourcecode.c.objc; path = TSOSimplePDFViewController.m; sourceTree = "<group>"; };
		8E8E5F271AE6B4520032862D /* TSOSimplePDFViewController.xib */ = {isa = PBXFileReference; fileEncoding = 4; lastKnownFileType = file.xib; path = TSOSimplePDFViewController.xib; sourceTree = "<group>"; };
		8E8E5F2A1AE6B7870032862D /* Book_Cover_8.jpg */ = {isa = PBXFileReference; lastKnownFileType = image.jpeg; path = Book_Cover_8.jpg; sourceTree = "<group>"; };
		8E8E5F2C1AE6CD430032862D /* TSOAnnotationsTableViewController.h */ = {isa = PBXFileReference; fileEncoding = 4; lastKnownFileType = sourcecode.c.h; path = TSOAnnotationsTableViewController.h; sourceTree = "<group>"; };
		8E8E5F2D1AE6CD430032862D /* TSOAnnotationsTableViewController.m */ = {isa = PBXFileReference; fileEncoding = 4; lastKnownFileType = sourcecode.c.objc; path = TSOAnnotationsTableViewController.m; sourceTree = "<group>"; };
		8E8E5F341AE6EED90032862D /* TSOAnnotationViewController.h */ = {isa = PBXFileReference; fileEncoding = 4; lastKnownFileType = sourcecode.c.h; name = TSOAnnotationViewController.h; path = ../TSOAnnotationViewController.h; sourceTree = "<group>"; };
		8E8E5F351AE6EED90032862D /* TSOAnnotationViewController.m */ = {isa = PBXFileReference; fileEncoding = 4; lastKnownFileType = sourcecode.c.objc; name = TSOAnnotationViewController.m; path = ../TSOAnnotationViewController.m; sourceTree = "<group>"; };
		8E8E5F361AE6EED90032862D /* TSOAnnotationViewController.xib */ = {isa = PBXFileReference; fileEncoding = 4; lastKnownFileType = file.xib; name = TSOAnnotationViewController.xib; path = ../TSOAnnotationViewController.xib; sourceTree = "<group>"; };
		8E8E5F391AE6F3480032862D /* No-image-available.jpg */ = {isa = PBXFileReference; lastKnownFileType = image.jpeg; path = "No-image-available.jpg"; sourceTree = "<group>"; };
		8E8E5F3B1AE6F6D10032862D /* nophoto.jpg */ = {isa = PBXFileReference; lastKnownFileType = image.jpeg; path = nophoto.jpg; sourceTree = "<group>"; };
		8E9170F91AD066F300641505 /* pdf17.png */ = {isa = PBXFileReference; lastKnownFileType = image.png; path = pdf17.png; sourceTree = "<group>"; };
		8E9171041AD16C4A00641505 /* favorito.png */ = {isa = PBXFileReference; lastKnownFileType = image.png; path = favorito.png; sourceTree = "<group>"; };
		8E9171061AD16C7F00641505 /* noFavorito.png */ = {isa = PBXFileReference; lastKnownFileType = image.png; path = noFavorito.png; sourceTree = "<group>"; };
		8E9171081AD16F6E00641505 /* launch.jpg */ = {isa = PBXFileReference; lastKnownFileType = image.jpeg; path = launch.jpg; sourceTree = "<group>"; };
		8E9171121AD173D200641505 /* icon.png */ = {isa = PBXFileReference; lastKnownFileType = image.png; path = icon.png; sourceTree = "<group>"; };
		8EB80D651AED63AB005DF145 /* MapKit.framework */ = {isa = PBXFileReference; lastKnownFileType = wrapper.framework; name = MapKit.framework; path = System/Library/Frameworks/MapKit.framework; sourceTree = SDKROOT; };
		8EB80D671AED93E0005DF145 /* TSOHackerBooksBaseClass.h */ = {isa = PBXFileReference; fileEncoding = 4; lastKnownFileType = sourcecode.c.h; path = TSOHackerBooksBaseClass.h; sourceTree = "<group>"; };
		8EB80D681AED93E0005DF145 /* TSOHackerBooksBaseClass.m */ = {isa = PBXFileReference; fileEncoding = 4; lastKnownFileType = sourcecode.c.objc; path = TSOHackerBooksBaseClass.m; sourceTree = "<group>"; };
		8EF7CCD51ADAFF5E007A4924 /* Model.xcdatamodel */ = {isa = PBXFileReference; lastKnownFileType = wrapper.xcdatamodel; path = Model.xcdatamodel; sourceTree = "<group>"; };
		8EF7CCD71ADB3A90007A4924 /* _TSOAnnotation.h */ = {isa = PBXFileReference; fileEncoding = 4; lastKnownFileType = sourcecode.c.h; path = _TSOAnnotation.h; sourceTree = "<group>"; };
		8EF7CCD81ADB3A90007A4924 /* _TSOAnnotation.m */ = {isa = PBXFileReference; fileEncoding = 4; lastKnownFileType = sourcecode.c.objc; path = _TSOAnnotation.m; sourceTree = "<group>"; };
		8EF7CCD91ADB3A90007A4924 /* _TSOBook.h */ = {isa = PBXFileReference; fileEncoding = 4; lastKnownFileType = sourcecode.c.h; path = _TSOBook.h; sourceTree = "<group>"; };
		8EF7CCDA1ADB3A90007A4924 /* _TSOBook.m */ = {isa = PBXFileReference; fileEncoding = 4; lastKnownFileType = sourcecode.c.objc; path = _TSOBook.m; sourceTree = "<group>"; };
		8EF7CCDB1ADB3A90007A4924 /* _TSOLocalization.h */ = {isa = PBXFileReference; fileEncoding = 4; lastKnownFileType = sourcecode.c.h; path = _TSOLocalization.h; sourceTree = "<group>"; };
		8EF7CCDC1ADB3A90007A4924 /* _TSOLocalization.m */ = {isa = PBXFileReference; fileEncoding = 4; lastKnownFileType = sourcecode.c.objc; path = _TSOLocalization.m; sourceTree = "<group>"; };
		8EF7CCDD1ADB3A90007A4924 /* _TSOPdf.h */ = {isa = PBXFileReference; fileEncoding = 4; lastKnownFileType = sourcecode.c.h; path = _TSOPdf.h; sourceTree = "<group>"; };
		8EF7CCDE1ADB3A90007A4924 /* _TSOPdf.m */ = {isa = PBXFileReference; fileEncoding = 4; lastKnownFileType = sourcecode.c.objc; path = _TSOPdf.m; sourceTree = "<group>"; };
		8EF7CCDF1ADB3A90007A4924 /* _TSOPhoto.h */ = {isa = PBXFileReference; fileEncoding = 4; lastKnownFileType = sourcecode.c.h; path = _TSOPhoto.h; sourceTree = "<group>"; };
		8EF7CCE01ADB3A90007A4924 /* _TSOPhoto.m */ = {isa = PBXFileReference; fileEncoding = 4; lastKnownFileType = sourcecode.c.objc; path = _TSOPhoto.m; sourceTree = "<group>"; };
		8EF7CCE11ADB3A90007A4924 /* _TSOTag.h */ = {isa = PBXFileReference; fileEncoding = 4; lastKnownFileType = sourcecode.c.h; path = _TSOTag.h; sourceTree = "<group>"; };
		8EF7CCE21ADB3A90007A4924 /* _TSOTag.m */ = {isa = PBXFileReference; fileEncoding = 4; lastKnownFileType = sourcecode.c.objc; path = _TSOTag.m; sourceTree = "<group>"; };
		8EF7CCE31ADB3A90007A4924 /* TSOAnnotation.h */ = {isa = PBXFileReference; fileEncoding = 4; lastKnownFileType = sourcecode.c.h; path = TSOAnnotation.h; sourceTree = "<group>"; };
		8EF7CCE41ADB3A90007A4924 /* TSOAnnotation.m */ = {isa = PBXFileReference; fileEncoding = 4; lastKnownFileType = sourcecode.c.objc; path = TSOAnnotation.m; sourceTree = "<group>"; };
		8EF7CCE51ADB3A90007A4924 /* TSOBook.h */ = {isa = PBXFileReference; fileEncoding = 4; lastKnownFileType = sourcecode.c.h; path = TSOBook.h; sourceTree = "<group>"; };
		8EF7CCE61ADB3A90007A4924 /* TSOBook.m */ = {isa = PBXFileReference; fileEncoding = 4; lastKnownFileType = sourcecode.c.objc; path = TSOBook.m; sourceTree = "<group>"; };
		8EF7CCE71ADB3A90007A4924 /* TSOLocalization.h */ = {isa = PBXFileReference; fileEncoding = 4; lastKnownFileType = sourcecode.c.h; path = TSOLocalization.h; sourceTree = "<group>"; };
		8EF7CCE81ADB3A90007A4924 /* TSOLocalization.m */ = {isa = PBXFileReference; fileEncoding = 4; lastKnownFileType = sourcecode.c.objc; path = TSOLocalization.m; sourceTree = "<group>"; };
		8EF7CCE91ADB3A90007A4924 /* TSOPdf.h */ = {isa = PBXFileReference; fileEncoding = 4; lastKnownFileType = sourcecode.c.h; path = TSOPdf.h; sourceTree = "<group>"; };
		8EF7CCEA1ADB3A90007A4924 /* TSOPdf.m */ = {isa = PBXFileReference; fileEncoding = 4; lastKnownFileType = sourcecode.c.objc; path = TSOPdf.m; sourceTree = "<group>"; };
		8EF7CCEB1ADB3A90007A4924 /* TSOPhoto.h */ = {isa = PBXFileReference; fileEncoding = 4; lastKnownFileType = sourcecode.c.h; path = TSOPhoto.h; sourceTree = "<group>"; };
		8EF7CCEC1ADB3A90007A4924 /* TSOPhoto.m */ = {isa = PBXFileReference; fileEncoding = 4; lastKnownFileType = sourcecode.c.objc; path = TSOPhoto.m; sourceTree = "<group>"; };
		8EF7CCED1ADB3A90007A4924 /* TSOTag.h */ = {isa = PBXFileReference; fileEncoding = 4; lastKnownFileType = sourcecode.c.h; path = TSOTag.h; sourceTree = "<group>"; };
		8EF7CCEE1ADB3A90007A4924 /* TSOTag.m */ = {isa = PBXFileReference; fileEncoding = 4; lastKnownFileType = sourcecode.c.objc; path = TSOTag.m; sourceTree = "<group>"; };
		8EF7CCFF1ADB3B65007A4924 /* AGTCoreDataStack.h */ = {isa = PBXFileReference; fileEncoding = 4; lastKnownFileType = sourcecode.c.h; path = AGTCoreDataStack.h; sourceTree = "<group>"; };
		8EF7CD001ADB3B65007A4924 /* AGTCoreDataStack.m */ = {isa = PBXFileReference; fileEncoding = 4; lastKnownFileType = sourcecode.c.objc; path = AGTCoreDataStack.m; sourceTree = "<group>"; };
		8EF7CD021ADB4329007A4924 /* TSOBooksTableViewController.h */ = {isa = PBXFileReference; fileEncoding = 4; lastKnownFileType = sourcecode.c.h; path = TSOBooksTableViewController.h; sourceTree = "<group>"; };
		8EF7CD031ADB4329007A4924 /* TSOBooksTableViewController.m */ = {isa = PBXFileReference; fileEncoding = 4; lastKnownFileType = sourcecode.c.objc; path = TSOBooksTableViewController.m; sourceTree = "<group>"; };
/* End PBXFileReference section */

/* Begin PBXFrameworksBuildPhase section */
		8E7773F91ACB194100B87AE9 /* Frameworks */ = {
			isa = PBXFrameworksBuildPhase;
			buildActionMask = 2147483647;
			files = (
				8EB80D661AED63AB005DF145 /* MapKit.framework in Frameworks */,
			);
			runOnlyForDeploymentPostprocessing = 0;
		};
		8E77740C1ACB194100B87AE9 /* Frameworks */ = {
			isa = PBXFrameworksBuildPhase;
			buildActionMask = 2147483647;
			files = (
			);
			runOnlyForDeploymentPostprocessing = 0;
		};
/* End PBXFrameworksBuildPhase section */

/* Begin PBXGroup section */
		8E5D74F41ACD506E006F5564 /* Controllers */ = {
			isa = PBXGroup;
			children = (
				8E8E5F251AE6B4520032862D /* TSOSimplePDFViewController.h */,
				8E8E5F261AE6B4520032862D /* TSOSimplePDFViewController.m */,
				8E8E5F271AE6B4520032862D /* TSOSimplePDFViewController.xib */,
				8E8E5F201AE6B3D10032862D /* TSOBookViewController.h */,
				8E8E5F211AE6B3D10032862D /* TSOBookViewController.m */,
				8E8E5F221AE6B3D10032862D /* TSOBookViewController.xib */,
				8E8E5F151AE5A2E40032862D /* TSODownloadController.h */,
				8E8E5F161AE5A2E40032862D /* TSODownloadController.m */,
				8E8E5F121AE599AC0032862D /* AGTCoreDataTableViewController.h */,
				8E8E5F131AE599AC0032862D /* AGTCoreDataTableViewController.m */,
				8EF7CD021ADB4329007A4924 /* TSOBooksTableViewController.h */,
				8EF7CD031ADB4329007A4924 /* TSOBooksTableViewController.m */,
				8E8E5F2C1AE6CD430032862D /* TSOAnnotationsTableViewController.h */,
				8E8E5F2D1AE6CD430032862D /* TSOAnnotationsTableViewController.m */,
				8E8E5F341AE6EED90032862D /* TSOAnnotationViewController.h */,
				8E8E5F351AE6EED90032862D /* TSOAnnotationViewController.m */,
				8E8E5F361AE6EED90032862D /* TSOAnnotationViewController.xib */,
			);
			name = Controllers;
			sourceTree = "<group>";
		};
		8E7773F31ACB194100B87AE9 = {
			isa = PBXGroup;
			children = (
				8EB80D651AED63AB005DF145 /* MapKit.framework */,
				8E9170FB1AD066FB00641505 /* Resources */,
				8E7773FE1ACB194100B87AE9 /* HackerBooks */,
				8E7774121ACB194100B87AE9 /* HackerBooksTests */,
				8E7773FD1ACB194100B87AE9 /* Products */,
			);
			sourceTree = "<group>";
		};
		8E7773FD1ACB194100B87AE9 /* Products */ = {
			isa = PBXGroup;
			children = (
				8E7773FC1ACB194100B87AE9 /* HackerBooks.app */,
				8E77740F1ACB194100B87AE9 /* HackerBooksTests.xctest */,
			);
			name = Products;
			sourceTree = "<group>";
		};
		8E7773FE1ACB194100B87AE9 /* HackerBooks */ = {
			isa = PBXGroup;
			children = (
				8E7774291ACC2D0900B87AE9 /* Settings.h */,
				8E7774031ACB194100B87AE9 /* AppDelegate.h */,
				8E7774041ACB194100B87AE9 /* AppDelegate.m */,
				8EF7CCFF1ADB3B65007A4924 /* AGTCoreDataStack.h */,
				8EF7CD001ADB3B65007A4924 /* AGTCoreDataStack.m */,
				8E8E5F1D1AE65B670032862D /* Loading */,
				8E5D74F41ACD506E006F5564 /* Controllers */,
				8E7774221ACB19B100B87AE9 /* Models */,
				8E84C9FD1ACF180B006908A2 /* Views */,
				8E7774061ACB194100B87AE9 /* Images.xcassets */,
				8E7774081ACB194100B87AE9 /* LaunchScreen.xib */,
				8E7773FF1ACB194100B87AE9 /* Supporting Files */,
			);
			path = HackerBooks;
			sourceTree = "<group>";
		};
		8E7773FF1ACB194100B87AE9 /* Supporting Files */ = {
			isa = PBXGroup;
			children = (
				8E7774001ACB194100B87AE9 /* Info.plist */,
				8E7774011ACB194100B87AE9 /* main.m */,
			);
			name = "Supporting Files";
			sourceTree = "<group>";
		};
		8E7774121ACB194100B87AE9 /* HackerBooksTests */ = {
			isa = PBXGroup;
			children = (
				8E7774151ACB194100B87AE9 /* HackerBooksTests.m */,
				8E7774131ACB194100B87AE9 /* Supporting Files */,
			);
			path = HackerBooksTests;
			sourceTree = "<group>";
		};
		8E7774131ACB194100B87AE9 /* Supporting Files */ = {
			isa = PBXGroup;
			children = (
				8E7774141ACB194100B87AE9 /* Info.plist */,
			);
			name = "Supporting Files";
			sourceTree = "<group>";
		};
		8E7774221ACB19B100B87AE9 /* Models */ = {
			isa = PBXGroup;
			children = (
				8EF7CCFB1ADB3A97007A4924 /* Machine */,
				8EF7CCE31ADB3A90007A4924 /* TSOAnnotation.h */,
				8EF7CCE41ADB3A90007A4924 /* TSOAnnotation.m */,
				8EF7CCE51ADB3A90007A4924 /* TSOBook.h */,
				8EF7CCE61ADB3A90007A4924 /* TSOBook.m */,
				8EF7CCE71ADB3A90007A4924 /* TSOLocalization.h */,
				8EF7CCE81ADB3A90007A4924 /* TSOLocalization.m */,
				8EF7CCE91ADB3A90007A4924 /* TSOPdf.h */,
				8EF7CCEA1ADB3A90007A4924 /* TSOPdf.m */,
				8EF7CCEB1ADB3A90007A4924 /* TSOPhoto.h */,
				8EF7CCEC1ADB3A90007A4924 /* TSOPhoto.m */,
				8EF7CCED1ADB3A90007A4924 /* TSOTag.h */,
				8EF7CCEE1ADB3A90007A4924 /* TSOTag.m */,
				8EB80D671AED93E0005DF145 /* TSOHackerBooksBaseClass.h */,
				8EB80D681AED93E0005DF145 /* TSOHackerBooksBaseClass.m */,
				8EF7CCD41ADAFF5E007A4924 /* Model.xcdatamodeld */,
			);
			name = Models;
			sourceTree = "<group>";
		};
		8E84C9FD1ACF180B006908A2 /* Views */ = {
			isa = PBXGroup;
			children = (
				8E84C9F81ACF17FE006908A2 /* TSOBookTableViewCell.h */,
				8E84C9F91ACF17FE006908A2 /* TSOBookTableViewCell.m */,
				8E84C9FA1ACF17FE006908A2 /* TSOBookTableViewCell.xib */,
			);
			name = Views;
			sourceTree = "<group>";
		};
		8E8E5F1D1AE65B670032862D /* Loading */ = {
			isa = PBXGroup;
			children = (
				8E8E5F181AE65B5C0032862D /* LoadingViewController.h */,
				8E8E5F191AE65B5C0032862D /* LoadingViewController.m */,
				8E8E5F1A1AE65B5C0032862D /* LoadingViewController.xib */,
			);
			name = Loading;
			sourceTree = "<group>";
		};
		8E9170FB1AD066FB00641505 /* Resources */ = {
			isa = PBXGroup;
			children = (
				8E8E5F391AE6F3480032862D /* No-image-available.jpg */,
				8E8E5F1E1AE6B2D10032862D /* default-book-large.gif */,
				8E9171121AD173D200641505 /* icon.png */,
				8E9170F91AD066F300641505 /* pdf17.png */,
				8E8E5F3B1AE6F6D10032862D /* nophoto.jpg */,
				8E9171041AD16C4A00641505 /* favorito.png */,
				8E9171061AD16C7F00641505 /* noFavorito.png */,
				8E9171081AD16F6E00641505 /* launch.jpg */,
				8E8E5F2A1AE6B7870032862D /* Book_Cover_8.jpg */,
			);
			name = Resources;
			sourceTree = "<group>";
		};
		8EF7CCFB1ADB3A97007A4924 /* Machine */ = {
			isa = PBXGroup;
			children = (
				8EF7CCD71ADB3A90007A4924 /* _TSOAnnotation.h */,
				8EF7CCD81ADB3A90007A4924 /* _TSOAnnotation.m */,
				8EF7CCD91ADB3A90007A4924 /* _TSOBook.h */,
				8EF7CCDA1ADB3A90007A4924 /* _TSOBook.m */,
				8EF7CCDB1ADB3A90007A4924 /* _TSOLocalization.h */,
				8EF7CCDC1ADB3A90007A4924 /* _TSOLocalization.m */,
				8EF7CCDD1ADB3A90007A4924 /* _TSOPdf.h */,
				8EF7CCDE1ADB3A90007A4924 /* _TSOPdf.m */,
				8EF7CCDF1ADB3A90007A4924 /* _TSOPhoto.h */,
				8EF7CCE01ADB3A90007A4924 /* _TSOPhoto.m */,
				8EF7CCE11ADB3A90007A4924 /* _TSOTag.h */,
				8EF7CCE21ADB3A90007A4924 /* _TSOTag.m */,
			);
			name = Machine;
			sourceTree = "<group>";
		};
/* End PBXGroup section */

/* Begin PBXNativeTarget section */
		8E7773FB1ACB194100B87AE9 /* HackerBooks */ = {
			isa = PBXNativeTarget;
			buildConfigurationList = 8E7774191ACB194100B87AE9 /* Build configuration list for PBXNativeTarget "HackerBooks" */;
			buildPhases = (
				8E7773F81ACB194100B87AE9 /* Sources */,
				8E7773F91ACB194100B87AE9 /* Frameworks */,
				8E7773FA1ACB194100B87AE9 /* Resources */,
			);
			buildRules = (
			);
			dependencies = (
			);
			name = HackerBooks;
			productName = HackerBooks;
			productReference = 8E7773FC1ACB194100B87AE9 /* HackerBooks.app */;
			productType = "com.apple.product-type.application";
		};
		8E77740E1ACB194100B87AE9 /* HackerBooksTests */ = {
			isa = PBXNativeTarget;
			buildConfigurationList = 8E77741C1ACB194100B87AE9 /* Build configuration list for PBXNativeTarget "HackerBooksTests" */;
			buildPhases = (
				8E77740B1ACB194100B87AE9 /* Sources */,
				8E77740C1ACB194100B87AE9 /* Frameworks */,
				8E77740D1ACB194100B87AE9 /* Resources */,
			);
			buildRules = (
			);
			dependencies = (
				8E7774111ACB194100B87AE9 /* PBXTargetDependency */,
			);
			name = HackerBooksTests;
			productName = HackerBooksTests;
			productReference = 8E77740F1ACB194100B87AE9 /* HackerBooksTests.xctest */;
			productType = "com.apple.product-type.bundle.unit-test";
		};
/* End PBXNativeTarget section */

/* Begin PBXProject section */
		8E7773F41ACB194100B87AE9 /* Project object */ = {
			isa = PBXProject;
			attributes = {
				LastUpgradeCheck = 0620;
				ORGANIZATIONNAME = TimpleSoft;
				TargetAttributes = {
					8E7773FB1ACB194100B87AE9 = {
						CreatedOnToolsVersion = 6.2;
						SystemCapabilities = {
							com.apple.Maps.iOS = {
								enabled = 1;
							};
						};
					};
					8E77740E1ACB194100B87AE9 = {
						CreatedOnToolsVersion = 6.2;
						TestTargetID = 8E7773FB1ACB194100B87AE9;
					};
				};
			};
			buildConfigurationList = 8E7773F71ACB194100B87AE9 /* Build configuration list for PBXProject "HackerBooks" */;
			compatibilityVersion = "Xcode 3.2";
			developmentRegion = English;
			hasScannedForEncodings = 0;
			knownRegions = (
				en,
				Base,
			);
			mainGroup = 8E7773F31ACB194100B87AE9;
			productRefGroup = 8E7773FD1ACB194100B87AE9 /* Products */;
			projectDirPath = "";
			projectRoot = "";
			targets = (
				8E7773FB1ACB194100B87AE9 /* HackerBooks */,
				8E77740E1ACB194100B87AE9 /* HackerBooksTests */,
			);
		};
/* End PBXProject section */

/* Begin PBXResourcesBuildPhase section */
		8E7773FA1ACB194100B87AE9 /* Resources */ = {
			isa = PBXResourcesBuildPhase;
			buildActionMask = 2147483647;
			files = (
				8E8E5F1C1AE65B5C0032862D /* LoadingViewController.xib in Resources */,
				8E8E5F3C1AE6F6D20032862D /* nophoto.jpg in Resources */,
				8E84C9FC1ACF17FE006908A2 /* TSOBookTableViewCell.xib in Resources */,
				8E8E5F381AE6EED90032862D /* TSOAnnotationViewController.xib in Resources */,
				8E9171131AD173D200641505 /* icon.png in Resources */,
				8E9171071AD16C7F00641505 /* noFavorito.png in Resources */,
				8E8E5F291AE6B4520032862D /* TSOSimplePDFViewController.xib in Resources */,
				8E9170FA1AD066F300641505 /* pdf17.png in Resources */,
				8E8E5F2B1AE6B7870032862D /* Book_Cover_8.jpg in Resources */,
				8E9171051AD16C4A00641505 /* favorito.png in Resources */,
				8E8E5F241AE6B3D10032862D /* TSOBookViewController.xib in Resources */,
				8E77740A1ACB194100B87AE9 /* LaunchScreen.xib in Resources */,
				8E7774071ACB194100B87AE9 /* Images.xcassets in Resources */,
				8E8E5F3A1AE6F3480032862D /* No-image-available.jpg in Resources */,
				8E9171091AD16F6E00641505 /* launch.jpg in Resources */,
				8E8E5F1F1AE6B2D10032862D /* default-book-large.gif in Resources */,
			);
			runOnlyForDeploymentPostprocessing = 0;
		};
		8E77740D1ACB194100B87AE9 /* Resources */ = {
			isa = PBXResourcesBuildPhase;
			buildActionMask = 2147483647;
			files = (
			);
			runOnlyForDeploymentPostprocessing = 0;
		};
/* End PBXResourcesBuildPhase section */

/* Begin PBXSourcesBuildPhase section */
		8E7773F81ACB194100B87AE9 /* Sources */ = {
			isa = PBXSourcesBuildPhase;
			buildActionMask = 2147483647;
			files = (
				8E8E5F231AE6B3D10032862D /* TSOBookViewController.m in Sources */,
				8E8E5F2E1AE6CD430032862D /* TSOAnnotationsTableViewController.m in Sources */,
				8EF7CD011ADB3B65007A4924 /* AGTCoreDataStack.m in Sources */,
				8E8E5F371AE6EED90032862D /* TSOAnnotationViewController.m in Sources */,
				8EF7CCF51ADB3A90007A4924 /* TSOAnnotation.m in Sources */,
				8E7774051ACB194100B87AE9 /* AppDelegate.m in Sources */,
				8EF7CCF11ADB3A90007A4924 /* _TSOLocalization.m in Sources */,
				8E8E5F171AE5A2E40032862D /* TSODownloadController.m in Sources */,
				8E8E5F281AE6B4520032862D /* TSOSimplePDFViewController.m in Sources */,
				8EF7CCF91ADB3A90007A4924 /* TSOPhoto.m in Sources */,
				8EF7CCF61ADB3A90007A4924 /* TSOBook.m in Sources */,
				8E7774021ACB194100B87AE9 /* main.m in Sources */,
				8EF7CCF41ADB3A90007A4924 /* _TSOTag.m in Sources */,
				8EF7CD041ADB4329007A4924 /* TSOBooksTableViewController.m in Sources */,
				8E8E5F1B1AE65B5C0032862D /* LoadingViewController.m in Sources */,
				8EF7CCEF1ADB3A90007A4924 /* _TSOAnnotation.m in Sources */,
				8EF7CCF71ADB3A90007A4924 /* TSOLocalization.m in Sources */,
				8EF7CCF31ADB3A90007A4924 /* _TSOPhoto.m in Sources */,
				8E8E5F141AE599AC0032862D /* AGTCoreDataTableViewController.m in Sources */,
				8EF7CCF21ADB3A90007A4924 /* _TSOPdf.m in Sources */,
				8EF7CCD61ADAFF5E007A4924 /* Model.xcdatamodeld in Sources */,
				8EF7CCF81ADB3A90007A4924 /* TSOPdf.m in Sources */,
				8EF7CCFA1ADB3A90007A4924 /* TSOTag.m in Sources */,
				8E84C9FB1ACF17FE006908A2 /* TSOBookTableViewCell.m in Sources */,
				8EF7CCF01ADB3A90007A4924 /* _TSOBook.m in Sources */,
				8EB80D691AED93E0005DF145 /* TSOHackerBooksBaseClass.m in Sources */,
			);
			runOnlyForDeploymentPostprocessing = 0;
		};
		8E77740B1ACB194100B87AE9 /* Sources */ = {
			isa = PBXSourcesBuildPhase;
			buildActionMask = 2147483647;
			files = (
				8E7774161ACB194100B87AE9 /* HackerBooksTests.m in Sources */,
			);
			runOnlyForDeploymentPostprocessing = 0;
		};
/* End PBXSourcesBuildPhase section */

/* Begin PBXTargetDependency section */
		8E7774111ACB194100B87AE9 /* PBXTargetDependency */ = {
			isa = PBXTargetDependency;
			target = 8E7773FB1ACB194100B87AE9 /* HackerBooks */;
			targetProxy = 8E7774101ACB194100B87AE9 /* PBXContainerItemProxy */;
		};
/* End PBXTargetDependency section */

/* Begin PBXVariantGroup section */
		8E7774081ACB194100B87AE9 /* LaunchScreen.xib */ = {
			isa = PBXVariantGroup;
			children = (
				8E7774091ACB194100B87AE9 /* Base */,
			);
			name = LaunchScreen.xib;
			sourceTree = "<group>";
		};
/* End PBXVariantGroup section */

/* Begin XCBuildConfiguration section */
		8E7774171ACB194100B87AE9 /* Debug */ = {
			isa = XCBuildConfiguration;
			buildSettings = {
				ALWAYS_SEARCH_USER_PATHS = NO;
				CLANG_CXX_LANGUAGE_STANDARD = "gnu++0x";
				CLANG_CXX_LIBRARY = "libc++";
				CLANG_ENABLE_MODULES = YES;
				CLANG_ENABLE_OBJC_ARC = YES;
				CLANG_WARN_BOOL_CONVERSION = YES;
				CLANG_WARN_CONSTANT_CONVERSION = YES;
				CLANG_WARN_DIRECT_OBJC_ISA_USAGE = YES_ERROR;
				CLANG_WARN_EMPTY_BODY = YES;
				CLANG_WARN_ENUM_CONVERSION = YES;
				CLANG_WARN_INT_CONVERSION = YES;
				CLANG_WARN_OBJC_ROOT_CLASS = YES_ERROR;
				CLANG_WARN_UNREACHABLE_CODE = YES;
				CLANG_WARN__DUPLICATE_METHOD_MATCH = YES;
				"CODE_SIGN_IDENTITY[sdk=iphoneos*]" = "iPhone Developer";
				COPY_PHASE_STRIP = NO;
				ENABLE_STRICT_OBJC_MSGSEND = YES;
				GCC_C_LANGUAGE_STANDARD = gnu99;
				GCC_DYNAMIC_NO_PIC = NO;
				GCC_OPTIMIZATION_LEVEL = 0;
				GCC_PREPROCESSOR_DEFINITIONS = (
					"DEBUG=1",
					"$(inherited)",
				);
				GCC_SYMBOLS_PRIVATE_EXTERN = NO;
				GCC_WARN_64_TO_32_BIT_CONVERSION = YES;
				GCC_WARN_ABOUT_RETURN_TYPE = YES_ERROR;
				GCC_WARN_UNDECLARED_SELECTOR = YES;
				GCC_WARN_UNINITIALIZED_AUTOS = YES_AGGRESSIVE;
				GCC_WARN_UNUSED_FUNCTION = YES;
				GCC_WARN_UNUSED_VARIABLE = YES;
				IPHONEOS_DEPLOYMENT_TARGET = 8.2;
				MTL_ENABLE_DEBUG_INFO = YES;
				ONLY_ACTIVE_ARCH = YES;
				SDKROOT = iphoneos;
				TARGETED_DEVICE_FAMILY = 2;
			};
			name = Debug;
		};
		8E7774181ACB194100B87AE9 /* Release */ = {
			isa = XCBuildConfiguration;
			buildSettings = {
				ALWAYS_SEARCH_USER_PATHS = NO;
				CLANG_CXX_LANGUAGE_STANDARD = "gnu++0x";
				CLANG_CXX_LIBRARY = "libc++";
				CLANG_ENABLE_MODULES = YES;
				CLANG_ENABLE_OBJC_ARC = YES;
				CLANG_WARN_BOOL_CONVERSION = YES;
				CLANG_WARN_CONSTANT_CONVERSION = YES;
				CLANG_WARN_DIRECT_OBJC_ISA_USAGE = YES_ERROR;
				CLANG_WARN_EMPTY_BODY = YES;
				CLANG_WARN_ENUM_CONVERSION = YES;
				CLANG_WARN_INT_CONVERSION = YES;
				CLANG_WARN_OBJC_ROOT_CLASS = YES_ERROR;
				CLANG_WARN_UNREACHABLE_CODE = YES;
				CLANG_WARN__DUPLICATE_METHOD_MATCH = YES;
				"CODE_SIGN_IDENTITY[sdk=iphoneos*]" = "iPhone Developer";
				COPY_PHASE_STRIP = NO;
				ENABLE_NS_ASSERTIONS = NO;
				ENABLE_STRICT_OBJC_MSGSEND = YES;
				GCC_C_LANGUAGE_STANDARD = gnu99;
				GCC_WARN_64_TO_32_BIT_CONVERSION = YES;
				GCC_WARN_ABOUT_RETURN_TYPE = YES_ERROR;
				GCC_WARN_UNDECLARED_SELECTOR = YES;
				GCC_WARN_UNINITIALIZED_AUTOS = YES_AGGRESSIVE;
				GCC_WARN_UNUSED_FUNCTION = YES;
				GCC_WARN_UNUSED_VARIABLE = YES;
				IPHONEOS_DEPLOYMENT_TARGET = 8.2;
				MTL_ENABLE_DEBUG_INFO = NO;
				SDKROOT = iphoneos;
				TARGETED_DEVICE_FAMILY = 2;
				VALIDATE_PRODUCT = YES;
			};
			name = Release;
		};
		8E77741A1ACB194100B87AE9 /* Debug */ = {
			isa = XCBuildConfiguration;
			buildSettings = {
				ASSETCATALOG_COMPILER_APPICON_NAME = AppIcon;
				INFOPLIST_FILE = HackerBooks/Info.plist;
				LD_RUNPATH_SEARCH_PATHS = "$(inherited) @executable_path/Frameworks";
				PRODUCT_NAME = "$(TARGET_NAME)";
				TARGETED_DEVICE_FAMILY = 1;
			};
			name = Debug;
		};
		8E77741B1ACB194100B87AE9 /* Release */ = {
			isa = XCBuildConfiguration;
			buildSettings = {
				ASSETCATALOG_COMPILER_APPICON_NAME = AppIcon;
				INFOPLIST_FILE = HackerBooks/Info.plist;
				LD_RUNPATH_SEARCH_PATHS = "$(inherited) @executable_path/Frameworks";
				PRODUCT_NAME = "$(TARGET_NAME)";
				TARGETED_DEVICE_FAMILY = 1;
			};
			name = Release;
		};
		8E77741D1ACB194100B87AE9 /* Debug */ = {
			isa = XCBuildConfiguration;
			buildSettings = {
				BUNDLE_LOADER = "$(TEST_HOST)";
				FRAMEWORK_SEARCH_PATHS = (
					"$(SDKROOT)/Developer/Library/Frameworks",
					"$(inherited)",
				);
				GCC_PREPROCESSOR_DEFINITIONS = (
					"DEBUG=1",
					"$(inherited)",
				);
				INFOPLIST_FILE = HackerBooksTests/Info.plist;
				LD_RUNPATH_SEARCH_PATHS = "$(inherited) @executable_path/Frameworks @loader_path/Frameworks";
				PRODUCT_NAME = "$(TARGET_NAME)";
				TEST_HOST = "$(BUILT_PRODUCTS_DIR)/HackerBooks.app/HackerBooks";
			};
			name = Debug;
		};
		8E77741E1ACB194100B87AE9 /* Release */ = {
			isa = XCBuildConfiguration;
			buildSettings = {
				BUNDLE_LOADER = "$(TEST_HOST)";
				FRAMEWORK_SEARCH_PATHS = (
					"$(SDKROOT)/Developer/Library/Frameworks",
					"$(inherited)",
				);
				INFOPLIST_FILE = HackerBooksTests/Info.plist;
				LD_RUNPATH_SEARCH_PATHS = "$(inherited) @executable_path/Frameworks @loader_path/Frameworks";
				PRODUCT_NAME = "$(TARGET_NAME)";
				TEST_HOST = "$(BUILT_PRODUCTS_DIR)/HackerBooks.app/HackerBooks";
			};
			name = Release;
		};
/* End XCBuildConfiguration section */

/* Begin XCConfigurationList section */
		8E7773F71ACB194100B87AE9 /* Build configuration list for PBXProject "HackerBooks" */ = {
			isa = XCConfigurationList;
			buildConfigurations = (
				8E7774171ACB194100B87AE9 /* Debug */,
				8E7774181ACB194100B87AE9 /* Release */,
			);
			defaultConfigurationIsVisible = 0;
			defaultConfigurationName = Release;
		};
		8E7774191ACB194100B87AE9 /* Build configuration list for PBXNativeTarget "HackerBooks" */ = {
			isa = XCConfigurationList;
			buildConfigurations = (
				8E77741A1ACB194100B87AE9 /* Debug */,
				8E77741B1ACB194100B87AE9 /* Release */,
			);
			defaultConfigurationIsVisible = 0;
			defaultConfigurationName = Release;
		};
		8E77741C1ACB194100B87AE9 /* Build configuration list for PBXNativeTarget "HackerBooksTests" */ = {
			isa = XCConfigurationList;
			buildConfigurations = (
				8E77741D1ACB194100B87AE9 /* Debug */,
				8E77741E1ACB194100B87AE9 /* Release */,
			);
			defaultConfigurationIsVisible = 0;
			defaultConfigurationName = Release;
		};
/* End XCConfigurationList section */

/* Begin XCVersionGroup section */
		8EF7CCD41ADAFF5E007A4924 /* Model.xcdatamodeld */ = {
			isa = XCVersionGroup;
			children = (
				8EF7CCD51ADAFF5E007A4924 /* Model.xcdatamodel */,
			);
			currentVersion = 8EF7CCD51ADAFF5E007A4924 /* Model.xcdatamodel */;
			path = Model.xcdatamodeld;
			sourceTree = "<group>";
			versionGroupType = wrapper.xcdatamodel;
		};
/* End XCVersionGroup section */
	};
	rootObject = 8E7773F41ACB194100B87AE9 /* Project object */;
}
